<?xml version="1.0" encoding="utf-8"?>
<Project ToolsVersion="4.0" xmlns="http://schemas.microsoft.com/developer/msbuild/2003">
  <ItemGroup>
    <ClCompile Include="UI\MainWnd.cpp">
      <Filter>UI</Filter>
    </ClCompile>
    <ClCompile Include="Parser\FlvcdParser.cpp">
      <Filter>Parser</Filter>
    </ClCompile>
    <ClCompile Include="stdafx.cpp">
      <Filter>Common</Filter>
    </ClCompile>
    <ClCompile Include="main.cpp">
      <Filter>Common</Filter>
    </ClCompile>
  </ItemGroup>
  <ItemGroup>
    <ClInclude Include="UI\MainWnd.h">
      <Filter>UI</Filter>
    </ClInclude>
    <ClInclude Include="resource.h">
      <Filter>Resource</Filter>
    </ClInclude>
    <ClInclude Include="model\MenuID.h">
      <Filter>Model</Filter>
    </ClInclude>
    <ClInclude Include="model\MessageID.h">
      <Filter>Model</Filter>
    </ClInclude>
    <ClInclude Include="Parser\IParser.h">
      <Filter>Parser</Filter>
    </ClInclude>
    <ClInclude Include="Parser\FlvcdParser.h">
      <Filter>Parser</Filter>
    </ClInclude>
    <ClInclude Include="stdafx.h">
      <Filter>Common</Filter>
    </ClInclude>
    <ClInclude Include="Utils\Network\HttpManager.h">
      <Filter>Utils\Network</Filter>
    </ClInclude>
    <ClInclude Include="Utils\Network\HttpNotify.h">
      <Filter>Utils\Network</Filter>
    </ClInclude>
    <ClInclude Include="Utils\Network\HttpRequest.h">
      <Filter>Utils\Network</Filter>
    </ClInclude>
    <ClInclude Include="Utils\Network\NetworkUtils.h">
      <Filter>Utils\Network</Filter>
    </ClInclude>
    <ClInclude Include="Utils\Network\WinHttp.h">
      <Filter>Utils\Network</Filter>
    </ClInclude>
    <ClInclude Include="Utils\Delegate.h">
      <Filter>Utils</Filter>
    </ClInclude>
    <ClInclude Include="Utils\DelegateTemplate.h">
      <Filter>Utils</Filter>
    </ClInclude>
    <ClInclude Include="Utils\FileUtil.h">
      <Filter>Utils</Filter>
    </ClInclude>
    <ClInclude Include="Utils\MemBuffer.h">
      <Filter>Utils</Filter>
    </ClInclude>
    <ClInclude Include="Utils\MemLeak.h">
      <Filter>Utils</Filter>
    </ClInclude>
    <ClInclude Include="Utils\ProcessUtil.h">
      <Filter>Utils</Filter>
    </ClInclude>
    <ClInclude Include="Utils\StringUtil.h">
      <Filter>Utils</Filter>
    </ClInclude>
    <ClInclude Include="Utils\ThreadUtil.h">
      <Filter>Utils</Filter>
    </ClInclude>
    <ClInclude Include="Utils\TrayIcon.h">
      <Filter>Utils</Filter>
    </ClInclude>
    <ClInclude Include="Utils\Utils.h">
      <Filter>Utils</Filter>
    </ClInclude>
    <ClInclude Include="Utils\WindowsUtils.h">
      <Filter>Utils</Filter>
    </ClInclude>
  </ItemGroup>
  <ItemGroup>
    <Filter Include="Resource">
      <UniqueIdentifier>{84fd2969-6c0b-46c8-af5f-3ad33155b81e}</UniqueIdentifier>
    </Filter>
    <Filter Include="Model">
      <UniqueIdentifier>{658f6a3a-51d0-45df-9948-95569989c084}</UniqueIdentifier>
    </Filter>
    <Filter Include="Utils">
      <UniqueIdentifier>{d128a570-c3de-40e5-9092-f6aa6f27b4d3}</UniqueIdentifier>
    </Filter>
    <Filter Include="Utils\Network">
      <UniqueIdentifier>{e96ef84f-9a8e-4fe2-9ee8-0973a64daf05}</UniqueIdentifier>
    </Filter>
    <Filter Include="UI">
      <UniqueIdentifier>{ed9d4f32-85ac-498b-98b4-196c6e3460ce}</UniqueIdentifier>
    </Filter>
    <Filter Include="Parser">
      <UniqueIdentifier>{eecf1bd3-96e0-44a9-b8a2-8b4c944f95d0}</UniqueIdentifier>
    </Filter>
    <Filter Include="Common">
      <UniqueIdentifier>{bb4a02a9-1862-4102-9f07-cdfe1a78aa2c}</UniqueIdentifier>
    </Filter>
  </ItemGroup>
  <ItemGroup>
    <Image Include="Res\DxSuperdown.ico">
      <Filter>Resource</Filter>
    </Image>
  </ItemGroup>
  <ItemGroup>
    <ResourceCompile Include="DxSuperdown.rc">
      <Filter>Resource</Filter>
    </ResourceCompile>
  </ItemGroup>
</Project>